
Microsoft Visual Studio Solution File, Format Version 12.00
# Visual Studio Version 17
VisualStudioVersion = 17.0.32112.339
MinimumVisualStudioVersion = 10.0.40219.1
Project("{FAE04EC0-301F-11D3-BF4B-00C04F79EFBC}") = "NewAddressBook", "NewAddressBook\NewAddressBook.csproj", "{3F530A10-E4BA-4167-AA2D-222DDE5993C9}"
EndProject
Global
	GlobalSection(SolutionConfigurationPlatforms) = preSolution
		Debug|Any CPU = Debug|Any CPU
		Release|Any CPU = Release|Any CPU
	EndGlobalSection
	GlobalSection(ProjectConfigurationPlatforms) = postSolution
		{3F530A10-E4BA-4167-AA2D-222DDE5993C9}.Debug|Any CPU.ActiveCfg = Debug|Any CPU
		{3F530A10-E4BA-4167-AA2D-222DDE5993C9}.Debug|Any CPU.Build.0 = Debug|Any CPU
		{3F530A10-E4BA-4167-AA2D-222DDE5993C9}.Release|Any CPU.ActiveCfg = Release|Any CPU
		{3F530A10-E4BA-4167-AA2D-222DDE5993C9}.Release|Any CPU.Build.0 = Release|Any CPU
	EndGlobalSection
	GlobalSection(SolutionProperties) = preSolution
		HideSolutionNode = FALSE
	EndGlobalSection
	GlobalSection(ExtensibilityGlobals) = postSolution
		SolutionGuid = {A913AE79-7CBD-4DB6-B63E-0AD30BFB3594}
	EndGlobalSection
EndGlobal
